
Microsoft Visual Studio Solution File, Format Version 12.00
# Visual Studio Version 16
VisualStudioVersion = 16.0.32228.343
MinimumVisualStudioVersion = 10.0.40219.1
Project("{2150E333-8FDC-42A3-9474-1A3956D46DE8}") = "Chapter02", "Chapter02", "{5AAD583D-7B24-478F-A732-0CA3DE081652}"
EndProject
Project("{FAE04EC0-301F-11D3-BF4B-00C04F79EFBC}") = "DistanceConverter", "Chapter02\DistanceConverter\DistanceConverter.csproj", "{9511BF1A-1E1E-419E-B2DC-D878C9BA200C}"
EndProject
Project("{FAE04EC0-301F-11D3-BF4B-00C04F79EFBC}") = "SalesCalculator", "Chapter02\SalesCalculator\SalesCalculator.csproj", "{C75CA37C-D80F-4466-9E9E-E7E9C8ABB2AD}"
EndProject
Project("{FAE04EC0-301F-11D3-BF4B-00C04F79EFBC}") = "Exercise", "Chapter02\Exercise\Exercise.csproj", "{202170BF-3368-4485-B47F-F85287E5DB6B}"
EndProject
Project("{FAE04EC0-301F-11D3-BF4B-00C04F79EFBC}") = "Exercise02", "Chapter02\Exercise02\Exercise02.csproj", "{A1A4AF25-43E7-4C30-BD9F-2D61039E1137}"
EndProject
Project("{FAE04EC0-301F-11D3-BF4B-00C04F79EFBC}") = "Exercise03", "Chapter02\Exercise03\Exercise03.csproj", "{E04449B4-8C20-48D1-AB60-A64E303A8E86}"
EndProject
Project("{2150E333-8FDC-42A3-9474-1A3956D46DE8}") = "Chapter03", "Chapter03", "{6F16D396-5179-4B4F-82E4-93D85F01DCF1}"
EndProject
Project("{FAE04EC0-301F-11D3-BF4B-00C04F79EFBC}") = "Section01", "Chapter03\Section01\Section01.csproj", "{DEF5CE61-3464-4256-B6D9-FC6A3C25A534}"
EndProject
Project("{FAE04EC0-301F-11D3-BF4B-00C04F79EFBC}") = "Exercise01", "Chapter03\Exercise01\Exercise01.csproj", "{4C5D7475-9E60-4F9D-ADF6-95F3CDE11EE9}"
EndProject
Project("{FAE04EC0-301F-11D3-BF4B-00C04F79EFBC}") = "Section04", "Chapter03\Section04\Section04.csproj", "{A6FF7F58-A34C-4148-9CAF-79687069262D}"
EndProject
Project("{FAE04EC0-301F-11D3-BF4B-00C04F79EFBC}") = "Exercise02", "Chapter03\Exercise02\Exercise02.csproj", "{FFC28624-4877-47A7-900F-2D855C393447}"
EndProject
Project("{2150E333-8FDC-42A3-9474-1A3956D46DE8}") = "Chapter04", "Chapter04", "{E12E6E08-3F6A-4FF3-9D2D-0D5CFBD44F7E}"
EndProject
Project("{FAE04EC0-301F-11D3-BF4B-00C04F79EFBC}") = "Exercise01", "Chapter04\Exercise01\Exercise01.csproj", "{95CF7948-2E25-4666-97FA-0A74B727F89C}"
EndProject
Project("{FAE04EC0-301F-11D3-BF4B-00C04F79EFBC}") = "Exercise02", "Chapter04\Exercise02\Exercise02.csproj", "{6AB67DAF-D832-4771-96A5-77E859E1F33D}"
EndProject
Project("{2150E333-8FDC-42A3-9474-1A3956D46DE8}") = "Chapter05", "Chapter05", "{EA56E260-5551-40B0-AED6-10FDE787FB9D}"
EndProject
Project("{FAE04EC0-301F-11D3-BF4B-00C04F79EFBC}") = "Exercise01", "Chapter05\Exercise01\Exercise01.csproj", "{574D870E-5C46-4AC6-996A-C2B04ABF4F73}"
EndProject
Project("{FAE04EC0-301F-11D3-BF4B-00C04F79EFBC}") = "Exercise02", "Chapter05\Exercise02\Exercise02.csproj", "{4878E1C7-ADA8-4BE3-9457-3C7985D75484}"
EndProject
Global
	GlobalSection(SolutionConfigurationPlatforms) = preSolution
		Debug|Any CPU = Debug|Any CPU
		Release|Any CPU = Release|Any CPU
	EndGlobalSection
	GlobalSection(ProjectConfigurationPlatforms) = postSolution
		{9511BF1A-1E1E-419E-B2DC-D878C9BA200C}.Debug|Any CPU.ActiveCfg = Debug|Any CPU
		{9511BF1A-1E1E-419E-B2DC-D878C9BA200C}.Debug|Any CPU.Build.0 = Debug|Any CPU
		{9511BF1A-1E1E-419E-B2DC-D878C9BA200C}.Release|Any CPU.ActiveCfg = Release|Any CPU
		{9511BF1A-1E1E-419E-B2DC-D878C9BA200C}.Release|Any CPU.Build.0 = Release|Any CPU
		{C75CA37C-D80F-4466-9E9E-E7E9C8ABB2AD}.Debug|Any CPU.ActiveCfg = Debug|Any CPU
		{C75CA37C-D80F-4466-9E9E-E7E9C8ABB2AD}.Debug|Any CPU.Build.0 = Debug|Any CPU
		{C75CA37C-D80F-4466-9E9E-E7E9C8ABB2AD}.Release|Any CPU.ActiveCfg = Release|Any CPU
		{C75CA37C-D80F-4466-9E9E-E7E9C8ABB2AD}.Release|Any CPU.Build.0 = Release|Any CPU
		{202170BF-3368-4485-B47F-F85287E5DB6B}.Debug|Any CPU.ActiveCfg = Debug|Any CPU
		{202170BF-3368-4485-B47F-F85287E5DB6B}.Debug|Any CPU.Build.0 = Debug|Any CPU
		{202170BF-3368-4485-B47F-F85287E5DB6B}.Release|Any CPU.ActiveCfg = Release|Any CPU
		{202170BF-3368-4485-B47F-F85287E5DB6B}.Release|Any CPU.Build.0 = Release|Any CPU
		{A1A4AF25-43E7-4C30-BD9F-2D61039E1137}.Debug|Any CPU.ActiveCfg = Debug|Any CPU
		{A1A4AF25-43E7-4C30-BD9F-2D61039E1137}.Debug|Any CPU.Build.0 = Debug|Any CPU
		{A1A4AF25-43E7-4C30-BD9F-2D61039E1137}.Release|Any CPU.ActiveCfg = Release|Any CPU
		{A1A4AF25-43E7-4C30-BD9F-2D61039E1137}.Release|Any CPU.Build.0 = Release|Any CPU
		{E04449B4-8C20-48D1-AB60-A64E303A8E86}.Debug|Any CPU.ActiveCfg = Debug|Any CPU
		{E04449B4-8C20-48D1-AB60-A64E303A8E86}.Debug|Any CPU.Build.0 = Debug|Any CPU
		{E04449B4-8C20-48D1-AB60-A64E303A8E86}.Release|Any CPU.ActiveCfg = Release|Any CPU
		{E04449B4-8C20-48D1-AB60-A64E303A8E86}.Release|Any CPU.Build.0 = Release|Any CPU
		{DEF5CE61-3464-4256-B6D9-FC6A3C25A534}.Debug|Any CPU.ActiveCfg = Debug|Any CPU
		{DEF5CE61-3464-4256-B6D9-FC6A3C25A534}.Debug|Any CPU.Build.0 = Debug|Any CPU
		{DEF5CE61-3464-4256-B6D9-FC6A3C25A534}.Release|Any CPU.ActiveCfg = Release|Any CPU
		{DEF5CE61-3464-4256-B6D9-FC6A3C25A534}.Release|Any CPU.Build.0 = Release|Any CPU
		{4C5D7475-9E60-4F9D-ADF6-95F3CDE11EE9}.Debug|Any CPU.ActiveCfg = Debug|Any CPU
		{4C5D7475-9E60-4F9D-ADF6-95F3CDE11EE9}.Debug|Any CPU.Build.0 = Debug|Any CPU
		{4C5D7475-9E60-4F9D-ADF6-95F3CDE11EE9}.Release|Any CPU.ActiveCfg = Release|Any CPU
		{4C5D7475-9E60-4F9D-ADF6-95F3CDE11EE9}.Release|Any CPU.Build.0 = Release|Any CPU
		{A6FF7F58-A34C-4148-9CAF-79687069262D}.Debug|Any CPU.ActiveCfg = Debug|Any CPU
		{A6FF7F58-A34C-4148-9CAF-79687069262D}.Debug|Any CPU.Build.0 = Debug|Any CPU
		{A6FF7F58-A34C-4148-9CAF-79687069262D}.Release|Any CPU.ActiveCfg = Release|Any CPU
		{A6FF7F58-A34C-4148-9CAF-79687069262D}.Release|Any CPU.Build.0 = Release|Any CPU
		{FFC28624-4877-47A7-900F-2D855C393447}.Debug|Any CPU.ActiveCfg = Debug|Any CPU
		{FFC28624-4877-47A7-900F-2D855C393447}.Debug|Any CPU.Build.0 = Debug|Any CPU
		{FFC28624-4877-47A7-900F-2D855C393447}.Release|Any CPU.ActiveCfg = Release|Any CPU
		{FFC28624-4877-47A7-900F-2D855C393447}.Release|Any CPU.Build.0 = Release|Any CPU
		{95CF7948-2E25-4666-97FA-0A74B727F89C}.Debug|Any CPU.ActiveCfg = Debug|Any CPU
		{95CF7948-2E25-4666-97FA-0A74B727F89C}.Debug|Any CPU.Build.0 = Debug|Any CPU
		{95CF7948-2E25-4666-97FA-0A74B727F89C}.Release|Any CPU.ActiveCfg = Release|Any CPU
		{95CF7948-2E25-4666-97FA-0A74B727F89C}.Release|Any CPU.Build.0 = Release|Any CPU
		{6AB67DAF-D832-4771-96A5-77E859E1F33D}.Debug|Any CPU.ActiveCfg = Debug|Any CPU
		{6AB67DAF-D832-4771-96A5-77E859E1F33D}.Debug|Any CPU.Build.0 = Debug|Any CPU
		{6AB67DAF-D832-4771-96A5-77E859E1F33D}.Release|Any CPU.ActiveCfg = Release|Any CPU
		{6AB67DAF-D832-4771-96A5-77E859E1F33D}.Release|Any CPU.Build.0 = Release|Any CPU
		{574D870E-5C46-4AC6-996A-C2B04ABF4F73}.Debug|Any CPU.ActiveCfg = Debug|Any CPU
		{574D870E-5C46-4AC6-996A-C2B04ABF4F73}.Debug|Any CPU.Build.0 = Debug|Any CPU
		{574D870E-5C46-4AC6-996A-C2B04ABF4F73}.Release|Any CPU.ActiveCfg = Release|Any CPU
		{574D870E-5C46-4AC6-996A-C2B04ABF4F73}.Release|Any CPU.Build.0 = Release|Any CPU
		{4878E1C7-ADA8-4BE3-9457-3C7985D75484}.Debug|Any CPU.ActiveCfg = Debug|Any CPU
		{4878E1C7-ADA8-4BE3-9457-3C7985D75484}.Debug|Any CPU.Build.0 = Debug|Any CPU
		{4878E1C7-ADA8-4BE3-9457-3C7985D75484}.Release|Any CPU.ActiveCfg = Release|Any CPU
		{4878E1C7-ADA8-4BE3-9457-3C7985D75484}.Release|Any CPU.Build.0 = Release|Any CPU
	EndGlobalSection
	GlobalSection(SolutionProperties) = preSolution
		HideSolutionNode = FALSE
	EndGlobalSection
	GlobalSection(NestedProjects) = preSolution
		{9511BF1A-1E1E-419E-B2DC-D878C9BA200C} = {5AAD583D-7B24-478F-A732-0CA3DE081652}
		{C75CA37C-D80F-4466-9E9E-E7E9C8ABB2AD} = {6F16D396-5179-4B4F-82E4-93D85F01DCF1}
		{202170BF-3368-4485-B47F-F85287E5DB6B} = {5AAD583D-7B24-478F-A732-0CA3DE081652}
		{A1A4AF25-43E7-4C30-BD9F-2D61039E1137} = {5AAD583D-7B24-478F-A732-0CA3DE081652}
		{E04449B4-8C20-48D1-AB60-A64E303A8E86} = {5AAD583D-7B24-478F-A732-0CA3DE081652}
		{DEF5CE61-3464-4256-B6D9-FC6A3C25A534} = {6F16D396-5179-4B4F-82E4-93D85F01DCF1}
		{4C5D7475-9E60-4F9D-ADF6-95F3CDE11EE9} = {6F16D396-5179-4B4F-82E4-93D85F01DCF1}
		{A6FF7F58-A34C-4148-9CAF-79687069262D} = {6F16D396-5179-4B4F-82E4-93D85F01DCF1}
		{FFC28624-4877-47A7-900F-2D855C393447} = {6F16D396-5179-4B4F-82E4-93D85F01DCF1}
		{95CF7948-2E25-4666-97FA-0A74B727F89C} = {E12E6E08-3F6A-4FF3-9D2D-0D5CFBD44F7E}
		{6AB67DAF-D832-4771-96A5-77E859E1F33D} = {E12E6E08-3F6A-4FF3-9D2D-0D5CFBD44F7E}
		{574D870E-5C46-4AC6-996A-C2B04ABF4F73} = {EA56E260-5551-40B0-AED6-10FDE787FB9D}
		{4878E1C7-ADA8-4BE3-9457-3C7985D75484} = {EA56E260-5551-40B0-AED6-10FDE787FB9D}
	EndGlobalSection
	GlobalSection(ExtensibilityGlobals) = postSolution
		SolutionGuid = {B2494CEB-C8A2-469B-99D8-5A2CAA45FF4E}
	EndGlobalSection
EndGlobal
